
Microsoft Visual Studio Solution File, Format Version 12.00
# Visual Studio Version 17
VisualStudioVersion = 17.4.33403.182
MinimumVisualStudioVersion = 10.0.40219.1
Project("{9A19103F-16F7-4668-BE54-9A1E7A4F7556}") = "P004_CastingAndTypeConversions", "P004_CastingAndTypeConversions.csproj", "{064A8180-F4F7-4EB1-ABFE-24C698B0C93C}"
EndProject
Global
	GlobalSection(SolutionConfigurationPlatforms) = preSolution
		Debug|Any CPU = Debug|Any CPU
		Release|Any CPU = Release|Any CPU
	EndGlobalSection
	GlobalSection(ProjectConfigurationPlatforms) = postSolution
		{064A8180-F4F7-4EB1-ABFE-24C698B0C93C}.Debug|Any CPU.ActiveCfg = Debug|Any CPU
		{064A8180-F4F7-4EB1-ABFE-24C698B0C93C}.Debug|Any CPU.Build.0 = Debug|Any CPU
		{064A8180-F4F7-4EB1-ABFE-24C698B0C93C}.Release|Any CPU.ActiveCfg = Release|Any CPU
		{064A8180-F4F7-4EB1-ABFE-24C698B0C93C}.Release|Any CPU.Build.0 = Release|Any CPU
	EndGlobalSection
	GlobalSection(SolutionProperties) = preSolution
		HideSolutionNode = FALSE
	EndGlobalSection
	GlobalSection(ExtensibilityGlobals) = postSolution
		SolutionGuid = {6DD57A55-C2E7-4236-9628-85EEA1868F0D}
	EndGlobalSection
EndGlobal
