
Microsoft Visual Studio Solution File, Format Version 12.00
# Visual Studio Version 17
VisualStudioVersion = 17.2.32630.192
MinimumVisualStudioVersion = 10.0.40219.1
Project("{FAE04EC0-301F-11D3-BF4B-00C04F79EFBC}") = "Generics", "Generics\Generics.csproj", "{AC22B6A7-9A74-421F-89A1-1B2BE06A502F}"
EndProject
Project("{FAE04EC0-301F-11D3-BF4B-00C04F79EFBC}") = "Generics.Domain", "Generics.Domain\Generics.Domain.csproj", "{42F90B86-6502-4CD9-9A1C-2C7E252F5210}"
EndProject
Project("{FAE04EC0-301F-11D3-BF4B-00C04F79EFBC}") = "Generics.DomainTests", "Generics.DomainTests\Generics.DomainTests.csproj", "{4F933ADB-5DDE-4323-A13B-1F3759B50710}"
EndProject
Global
	GlobalSection(SolutionConfigurationPlatforms) = preSolution
		Debug|Any CPU = Debug|Any CPU
		Release|Any CPU = Release|Any CPU
	EndGlobalSection
	GlobalSection(ProjectConfigurationPlatforms) = postSolution
		{AC22B6A7-9A74-421F-89A1-1B2BE06A502F}.Debug|Any CPU.ActiveCfg = Debug|Any CPU
		{AC22B6A7-9A74-421F-89A1-1B2BE06A502F}.Debug|Any CPU.Build.0 = Debug|Any CPU
		{AC22B6A7-9A74-421F-89A1-1B2BE06A502F}.Release|Any CPU.ActiveCfg = Release|Any CPU
		{AC22B6A7-9A74-421F-89A1-1B2BE06A502F}.Release|Any CPU.Build.0 = Release|Any CPU
		{42F90B86-6502-4CD9-9A1C-2C7E252F5210}.Debug|Any CPU.ActiveCfg = Debug|Any CPU
		{42F90B86-6502-4CD9-9A1C-2C7E252F5210}.Debug|Any CPU.Build.0 = Debug|Any CPU
		{42F90B86-6502-4CD9-9A1C-2C7E252F5210}.Release|Any CPU.ActiveCfg = Release|Any CPU
		{42F90B86-6502-4CD9-9A1C-2C7E252F5210}.Release|Any CPU.Build.0 = Release|Any CPU
		{4F933ADB-5DDE-4323-A13B-1F3759B50710}.Debug|Any CPU.ActiveCfg = Debug|Any CPU
		{4F933ADB-5DDE-4323-A13B-1F3759B50710}.Debug|Any CPU.Build.0 = Debug|Any CPU
		{4F933ADB-5DDE-4323-A13B-1F3759B50710}.Release|Any CPU.ActiveCfg = Release|Any CPU
		{4F933ADB-5DDE-4323-A13B-1F3759B50710}.Release|Any CPU.Build.0 = Release|Any CPU
	EndGlobalSection
	GlobalSection(SolutionProperties) = preSolution
		HideSolutionNode = FALSE
	EndGlobalSection
	GlobalSection(ExtensibilityGlobals) = postSolution
		SolutionGuid = {B84899AD-6876-4BAF-880B-F41B0EE9881C}
	EndGlobalSection
EndGlobal
