
Microsoft Visual Studio Solution File, Format Version 12.00
# Visual Studio Version 17
VisualStudioVersion = 17.2.32630.192
MinimumVisualStudioVersion = 10.0.40219.1
Project("{FAE04EC0-301F-11D3-BF4B-00C04F79EFBC}") = "08_11_NamuDarbas_2", "08_11_NamuDarbas_2\08_11_NamuDarbas_2.csproj", "{4227F359-476F-404E-B4A1-FF654E1085E4}"
EndProject
Global
	GlobalSection(SolutionConfigurationPlatforms) = preSolution
		Debug|Any CPU = Debug|Any CPU
		Release|Any CPU = Release|Any CPU
	EndGlobalSection
	GlobalSection(ProjectConfigurationPlatforms) = postSolution
		{4227F359-476F-404E-B4A1-FF654E1085E4}.Debug|Any CPU.ActiveCfg = Debug|Any CPU
		{4227F359-476F-404E-B4A1-FF654E1085E4}.Debug|Any CPU.Build.0 = Debug|Any CPU
		{4227F359-476F-404E-B4A1-FF654E1085E4}.Release|Any CPU.ActiveCfg = Release|Any CPU
		{4227F359-476F-404E-B4A1-FF654E1085E4}.Release|Any CPU.Build.0 = Release|Any CPU
	EndGlobalSection
	GlobalSection(SolutionProperties) = preSolution
		HideSolutionNode = FALSE
	EndGlobalSection
	GlobalSection(ExtensibilityGlobals) = postSolution
		SolutionGuid = {C99E2176-4879-4120-BE4C-0E626C0DAFC7}
	EndGlobalSection
EndGlobal
