
Microsoft Visual Studio Solution File, Format Version 12.00
# Visual Studio Version 17
VisualStudioVersion = 17.2.32630.192
MinimumVisualStudioVersion = 10.0.40219.1
Project("{FAE04EC0-301F-11D3-BF4B-00C04F79EFBC}") = "TowerOfHanoi", "TowerOfHanoi\TowerOfHanoi.csproj", "{8E5EFE55-3082-4CB4-AEEB-01C307271E48}"
EndProject
Project("{FAE04EC0-301F-11D3-BF4B-00C04F79EFBC}") = "TowerOfHanoi.Domain", "TowerOfHanoi.Domain\TowerOfHanoi.Domain.csproj", "{F01623C2-98E9-4408-B6A2-15085AC278E5}"
EndProject
Global
	GlobalSection(SolutionConfigurationPlatforms) = preSolution
		Debug|Any CPU = Debug|Any CPU
		Release|Any CPU = Release|Any CPU
	EndGlobalSection
	GlobalSection(ProjectConfigurationPlatforms) = postSolution
		{8E5EFE55-3082-4CB4-AEEB-01C307271E48}.Debug|Any CPU.ActiveCfg = Debug|Any CPU
		{8E5EFE55-3082-4CB4-AEEB-01C307271E48}.Debug|Any CPU.Build.0 = Debug|Any CPU
		{8E5EFE55-3082-4CB4-AEEB-01C307271E48}.Release|Any CPU.ActiveCfg = Release|Any CPU
		{8E5EFE55-3082-4CB4-AEEB-01C307271E48}.Release|Any CPU.Build.0 = Release|Any CPU
		{F01623C2-98E9-4408-B6A2-15085AC278E5}.Debug|Any CPU.ActiveCfg = Debug|Any CPU
		{F01623C2-98E9-4408-B6A2-15085AC278E5}.Debug|Any CPU.Build.0 = Debug|Any CPU
		{F01623C2-98E9-4408-B6A2-15085AC278E5}.Release|Any CPU.ActiveCfg = Release|Any CPU
		{F01623C2-98E9-4408-B6A2-15085AC278E5}.Release|Any CPU.Build.0 = Release|Any CPU
	EndGlobalSection
	GlobalSection(SolutionProperties) = preSolution
		HideSolutionNode = FALSE
	EndGlobalSection
	GlobalSection(ExtensibilityGlobals) = postSolution
		SolutionGuid = {61FD21EC-73A6-44CF-8408-F04EB048BED1}
	EndGlobalSection
EndGlobal
