
Microsoft Visual Studio Solution File, Format Version 12.00
# Visual Studio Version 17
VisualStudioVersion = 17.2.32616.157
MinimumVisualStudioVersion = 10.0.40219.1
Project("{9A19103F-16F7-4668-BE54-9A1E7A4F7556}") = "Assignment4", "Assignment4\Assignment4.csproj", "{59EAED21-9A00-47CA-B965-4E067D9F0FAB}"
EndProject
Project("{2150E333-8FDC-42A3-9474-1A3956D46DE8}") = "tests", "tests", "{7BEACAE8-9CAD-4DFA-902E-EA04109925E0}"
EndProject
Project("{FAE04EC0-301F-11D3-BF4B-00C04F79EFBC}") = "Assignment4_Tests", "Assignment4_Tests\Assignment4_Tests.csproj", "{FD897EB4-57EC-4BD7-A484-A3C068C231DF}"
EndProject
Global
	GlobalSection(SolutionConfigurationPlatforms) = preSolution
		Debug|Any CPU = Debug|Any CPU
		Release|Any CPU = Release|Any CPU
	EndGlobalSection
	GlobalSection(ProjectConfigurationPlatforms) = postSolution
		{59EAED21-9A00-47CA-B965-4E067D9F0FAB}.Debug|Any CPU.ActiveCfg = Debug|Any CPU
		{59EAED21-9A00-47CA-B965-4E067D9F0FAB}.Debug|Any CPU.Build.0 = Debug|Any CPU
		{59EAED21-9A00-47CA-B965-4E067D9F0FAB}.Release|Any CPU.ActiveCfg = Release|Any CPU
		{59EAED21-9A00-47CA-B965-4E067D9F0FAB}.Release|Any CPU.Build.0 = Release|Any CPU
		{FD897EB4-57EC-4BD7-A484-A3C068C231DF}.Debug|Any CPU.ActiveCfg = Debug|Any CPU
		{FD897EB4-57EC-4BD7-A484-A3C068C231DF}.Debug|Any CPU.Build.0 = Debug|Any CPU
		{FD897EB4-57EC-4BD7-A484-A3C068C231DF}.Release|Any CPU.ActiveCfg = Release|Any CPU
		{FD897EB4-57EC-4BD7-A484-A3C068C231DF}.Release|Any CPU.Build.0 = Release|Any CPU
	EndGlobalSection
	GlobalSection(SolutionProperties) = preSolution
		HideSolutionNode = FALSE
	EndGlobalSection
	GlobalSection(NestedProjects) = preSolution
		{FD897EB4-57EC-4BD7-A484-A3C068C231DF} = {7BEACAE8-9CAD-4DFA-902E-EA04109925E0}
	EndGlobalSection
	GlobalSection(ExtensibilityGlobals) = postSolution
		SolutionGuid = {8435603A-9BC7-437D-908F-4E0583D46D99}
	EndGlobalSection
EndGlobal
