
Microsoft Visual Studio Solution File, Format Version 12.00
# Visual Studio Version 17
VisualStudioVersion = 17.2.32630.192
MinimumVisualStudioVersion = 10.0.40219.1
Project("{FAE04EC0-301F-11D3-BF4B-00C04F79EFBC}") = "JSON", "JSON\JSON.csproj", "{9F179A45-1038-4BB0-8561-4FDAC428FB2E}"
EndProject
Global
	GlobalSection(SolutionConfigurationPlatforms) = preSolution
		Debug|Any CPU = Debug|Any CPU
		Release|Any CPU = Release|Any CPU
	EndGlobalSection
	GlobalSection(ProjectConfigurationPlatforms) = postSolution
		{9F179A45-1038-4BB0-8561-4FDAC428FB2E}.Debug|Any CPU.ActiveCfg = Debug|Any CPU
		{9F179A45-1038-4BB0-8561-4FDAC428FB2E}.Debug|Any CPU.Build.0 = Debug|Any CPU
		{9F179A45-1038-4BB0-8561-4FDAC428FB2E}.Release|Any CPU.ActiveCfg = Release|Any CPU
		{9F179A45-1038-4BB0-8561-4FDAC428FB2E}.Release|Any CPU.Build.0 = Release|Any CPU
	EndGlobalSection
	GlobalSection(SolutionProperties) = preSolution
		HideSolutionNode = FALSE
	EndGlobalSection
	GlobalSection(ExtensibilityGlobals) = postSolution
		SolutionGuid = {B52BF1B4-940B-4ACB-82AD-60841E429E8F}
	EndGlobalSection
EndGlobal
