
Microsoft Visual Studio Solution File, Format Version 12.00
# Visual Studio Version 17
VisualStudioVersion = 17.2.32630.192
MinimumVisualStudioVersion = 10.0.40219.1
Project("{FAE04EC0-301F-11D3-BF4B-00C04F79EFBC}") = "SQLDB", "SQLDB\SQLDB.csproj", "{33D54435-0B58-4BE1-9C69-5446390EBC14}"
EndProject
Project("{FAE04EC0-301F-11D3-BF4B-00C04F79EFBC}") = "SQLDB.Domain", "SQLDB.Domain\SQLDB.Domain.csproj", "{08297486-EE50-4A8A-9AEB-B6A459CEE49A}"
EndProject
Project("{FAE04EC0-301F-11D3-BF4B-00C04F79EFBC}") = "SQLDB.Infrastructure", "SQLDB.Infrastructure\SQLDB.Infrastructure.csproj", "{156C2BEC-71B6-4394-90D0-73AF70CA1A07}"
EndProject
Global
	GlobalSection(SolutionConfigurationPlatforms) = preSolution
		Debug|Any CPU = Debug|Any CPU
		Release|Any CPU = Release|Any CPU
	EndGlobalSection
	GlobalSection(ProjectConfigurationPlatforms) = postSolution
		{33D54435-0B58-4BE1-9C69-5446390EBC14}.Debug|Any CPU.ActiveCfg = Debug|Any CPU
		{33D54435-0B58-4BE1-9C69-5446390EBC14}.Debug|Any CPU.Build.0 = Debug|Any CPU
		{33D54435-0B58-4BE1-9C69-5446390EBC14}.Release|Any CPU.ActiveCfg = Release|Any CPU
		{33D54435-0B58-4BE1-9C69-5446390EBC14}.Release|Any CPU.Build.0 = Release|Any CPU
		{08297486-EE50-4A8A-9AEB-B6A459CEE49A}.Debug|Any CPU.ActiveCfg = Debug|Any CPU
		{08297486-EE50-4A8A-9AEB-B6A459CEE49A}.Debug|Any CPU.Build.0 = Debug|Any CPU
		{08297486-EE50-4A8A-9AEB-B6A459CEE49A}.Release|Any CPU.ActiveCfg = Release|Any CPU
		{08297486-EE50-4A8A-9AEB-B6A459CEE49A}.Release|Any CPU.Build.0 = Release|Any CPU
		{156C2BEC-71B6-4394-90D0-73AF70CA1A07}.Debug|Any CPU.ActiveCfg = Debug|Any CPU
		{156C2BEC-71B6-4394-90D0-73AF70CA1A07}.Debug|Any CPU.Build.0 = Debug|Any CPU
		{156C2BEC-71B6-4394-90D0-73AF70CA1A07}.Release|Any CPU.ActiveCfg = Release|Any CPU
		{156C2BEC-71B6-4394-90D0-73AF70CA1A07}.Release|Any CPU.Build.0 = Release|Any CPU
	EndGlobalSection
	GlobalSection(SolutionProperties) = preSolution
		HideSolutionNode = FALSE
	EndGlobalSection
	GlobalSection(ExtensibilityGlobals) = postSolution
		SolutionGuid = {3E109442-B608-42C0-9510-4FE1A2925B98}
	EndGlobalSection
EndGlobal
