
Microsoft Visual Studio Solution File, Format Version 12.00
# Visual Studio Version 17
VisualStudioVersion = 17.4.33103.184
MinimumVisualStudioVersion = 10.0.40219.1
Project("{FAE04EC0-301F-11D3-BF4B-00C04F79EFBC}") = "ApiMokymai", "ApiMokymai\ApiMokymai.csproj", "{776B2C2B-5FC4-4214-B125-82C45EC46CCF}"
EndProject
Global
	GlobalSection(SolutionConfigurationPlatforms) = preSolution
		Debug|Any CPU = Debug|Any CPU
		Release|Any CPU = Release|Any CPU
	EndGlobalSection
	GlobalSection(ProjectConfigurationPlatforms) = postSolution
		{776B2C2B-5FC4-4214-B125-82C45EC46CCF}.Debug|Any CPU.ActiveCfg = Debug|Any CPU
		{776B2C2B-5FC4-4214-B125-82C45EC46CCF}.Debug|Any CPU.Build.0 = Debug|Any CPU
		{776B2C2B-5FC4-4214-B125-82C45EC46CCF}.Release|Any CPU.ActiveCfg = Release|Any CPU
		{776B2C2B-5FC4-4214-B125-82C45EC46CCF}.Release|Any CPU.Build.0 = Release|Any CPU
	EndGlobalSection
	GlobalSection(SolutionProperties) = preSolution
		HideSolutionNode = FALSE
	EndGlobalSection
	GlobalSection(ExtensibilityGlobals) = postSolution
		SolutionGuid = {8AF6CB06-E71A-4573-B279-6F6E9682C2E4}
	EndGlobalSection
EndGlobal
