
Microsoft Visual Studio Solution File, Format Version 12.00
# Visual Studio Version 17
VisualStudioVersion = 17.2.32630.192
MinimumVisualStudioVersion = 10.0.40219.1
Project("{FAE04EC0-301F-11D3-BF4B-00C04F79EFBC}") = "Praktika", "Enum\Praktika.csproj", "{3489B5A4-E654-45C9-A3E9-4E2D3969BBF1}"
EndProject
Global
	GlobalSection(SolutionConfigurationPlatforms) = preSolution
		Debug|Any CPU = Debug|Any CPU
		Release|Any CPU = Release|Any CPU
	EndGlobalSection
	GlobalSection(ProjectConfigurationPlatforms) = postSolution
		{3489B5A4-E654-45C9-A3E9-4E2D3969BBF1}.Debug|Any CPU.ActiveCfg = Debug|Any CPU
		{3489B5A4-E654-45C9-A3E9-4E2D3969BBF1}.Debug|Any CPU.Build.0 = Debug|Any CPU
		{3489B5A4-E654-45C9-A3E9-4E2D3969BBF1}.Release|Any CPU.ActiveCfg = Release|Any CPU
		{3489B5A4-E654-45C9-A3E9-4E2D3969BBF1}.Release|Any CPU.Build.0 = Release|Any CPU
	EndGlobalSection
	GlobalSection(SolutionProperties) = preSolution
		HideSolutionNode = FALSE
	EndGlobalSection
	GlobalSection(ExtensibilityGlobals) = postSolution
		SolutionGuid = {23221FD9-2BAF-45CF-9634-6AB7797C5EF8}
	EndGlobalSection
EndGlobal
