
Microsoft Visual Studio Solution File, Format Version 12.00
# Visual Studio Version 17
VisualStudioVersion = 17.2.32526.322
MinimumVisualStudioVersion = 10.0.40219.1
Project("{FAE04EC0-301F-11D3-BF4B-00C04F79EFBC}") = "P005_Operators", "P005_Operators\P005_Operators.csproj", "{B1A8349E-3F33-4299-ACA7-6D6BC864217F}"
EndProject
Global
	GlobalSection(SolutionConfigurationPlatforms) = preSolution
		Debug|Any CPU = Debug|Any CPU
		Release|Any CPU = Release|Any CPU
	EndGlobalSection
	GlobalSection(ProjectConfigurationPlatforms) = postSolution
		{B1A8349E-3F33-4299-ACA7-6D6BC864217F}.Debug|Any CPU.ActiveCfg = Debug|Any CPU
		{B1A8349E-3F33-4299-ACA7-6D6BC864217F}.Debug|Any CPU.Build.0 = Debug|Any CPU
		{B1A8349E-3F33-4299-ACA7-6D6BC864217F}.Release|Any CPU.ActiveCfg = Release|Any CPU
		{B1A8349E-3F33-4299-ACA7-6D6BC864217F}.Release|Any CPU.Build.0 = Release|Any CPU
	EndGlobalSection
	GlobalSection(SolutionProperties) = preSolution
		HideSolutionNode = FALSE
	EndGlobalSection
	GlobalSection(ExtensibilityGlobals) = postSolution
		SolutionGuid = {BDB4A1AF-9AFD-4C5A-989D-A527A7EB001D}
	EndGlobalSection
EndGlobal
