
Microsoft Visual Studio Solution File, Format Version 12.00
# Visual Studio Version 17
VisualStudioVersion = 17.2.32630.192
MinimumVisualStudioVersion = 10.0.40219.1
Project("{FAE04EC0-301F-11D3-BF4B-00C04F79EFBC}") = "Hangman", "Hangman\Hangman.csproj", "{74B377B0-FF93-4808-9E28-67E528B17640}"
EndProject
Global
	GlobalSection(SolutionConfigurationPlatforms) = preSolution
		Debug|Any CPU = Debug|Any CPU
		Release|Any CPU = Release|Any CPU
	EndGlobalSection
	GlobalSection(ProjectConfigurationPlatforms) = postSolution
		{74B377B0-FF93-4808-9E28-67E528B17640}.Debug|Any CPU.ActiveCfg = Debug|Any CPU
		{74B377B0-FF93-4808-9E28-67E528B17640}.Debug|Any CPU.Build.0 = Debug|Any CPU
		{74B377B0-FF93-4808-9E28-67E528B17640}.Release|Any CPU.ActiveCfg = Release|Any CPU
		{74B377B0-FF93-4808-9E28-67E528B17640}.Release|Any CPU.Build.0 = Release|Any CPU
	EndGlobalSection
	GlobalSection(SolutionProperties) = preSolution
		HideSolutionNode = FALSE
	EndGlobalSection
	GlobalSection(ExtensibilityGlobals) = postSolution
		SolutionGuid = {7E155698-497D-4F07-84BE-6DE5B4A69DD3}
	EndGlobalSection
EndGlobal
