
Microsoft Visual Studio Solution File, Format Version 12.00
# Visual Studio Version 17
VisualStudioVersion = 17.4.33205.214
MinimumVisualStudioVersion = 10.0.40219.1
Project("{FAE04EC0-301F-11D3-BF4B-00C04F79EFBC}") = "P04_EF_Applying_To_API", "P04_EF_Applying_To_API\P04_EF_Applying_To_API.csproj", "{895DD25F-C9F4-4CAF-AF62-951FC924EC79}"
EndProject
Global
	GlobalSection(SolutionConfigurationPlatforms) = preSolution
		Debug|Any CPU = Debug|Any CPU
		Release|Any CPU = Release|Any CPU
	EndGlobalSection
	GlobalSection(ProjectConfigurationPlatforms) = postSolution
		{895DD25F-C9F4-4CAF-AF62-951FC924EC79}.Debug|Any CPU.ActiveCfg = Debug|Any CPU
		{895DD25F-C9F4-4CAF-AF62-951FC924EC79}.Debug|Any CPU.Build.0 = Debug|Any CPU
		{895DD25F-C9F4-4CAF-AF62-951FC924EC79}.Release|Any CPU.ActiveCfg = Release|Any CPU
		{895DD25F-C9F4-4CAF-AF62-951FC924EC79}.Release|Any CPU.Build.0 = Release|Any CPU
	EndGlobalSection
	GlobalSection(SolutionProperties) = preSolution
		HideSolutionNode = FALSE
	EndGlobalSection
	GlobalSection(ExtensibilityGlobals) = postSolution
		SolutionGuid = {E87ACC7D-BACB-4709-8076-F5F555492B88}
	EndGlobalSection
EndGlobal
